{
  "name": "vue-reactivity-project-nika2004",
  "version": "1.0.0",
  "lockfileVersion": 1,
  "requires": true,
  "dependencies": {
    "vee-validate": {
      "version": "3.4.13",
      "resolved": "https://registry.npmjs.org/vee-validate/-/vee-validate-3.4.13.tgz",
      "integrity": "sha512-ONnyRixpd0/JOGLuN8dlxFwLoT5FGq5ti1w4rx/zFZWaJZ1EefhfAbXkQvLwLhjU6izkfHyITXojW/7InOU3Tw=="
    }
  }
}
